
Microsoft Visual Studio Solution File, Format Version 12.00
# Visual Studio 14
VisualStudioVersion = 14.0.25420.1
MinimumVisualStudioVersion = 10.0.40219.1
Project("{8BC9CEB8-8B4A-11D0-8D11-00A0C91BC942}") = "GameSample", "GameSample.vcxproj", "{0694A6F5-8B05-457C-93BC-C3A9AEA112AF}"
EndProject
Project("{2150E333-8FDC-42A3-9474-1A3956D46DE8}") = "Solution Items", "Solution Items", "{69D3F022-72CD-431C-963E-ED0EE95FC881}"
	ProjectSection(SolutionItems) = preProject
		Performance1.psess = Performance1.psess
	EndProjectSection
EndProject
Global
	GlobalSection(SolutionConfigurationPlatforms) = preSolution
		Debug|x64 = Debug|x64
		Debug|x86 = Debug|x86
		Release|x64 = Release|x64
		Release|x86 = Release|x86
	EndGlobalSection
	GlobalSection(ProjectConfigurationPlatforms) = postSolution
		{0694A6F5-8B05-457C-93BC-C3A9AEA112AF}.Debug|x64.ActiveCfg = Debug|x64
		{0694A6F5-8B05-457C-93BC-C3A9AEA112AF}.Debug|x64.Build.0 = Debug|x64
		{0694A6F5-8B05-457C-93BC-C3A9AEA112AF}.Debug|x86.ActiveCfg = Debug|Win32
		{0694A6F5-8B05-457C-93BC-C3A9AEA112AF}.Debug|x86.Build.0 = Debug|Win32
		{0694A6F5-8B05-457C-93BC-C3A9AEA112AF}.Release|x64.ActiveCfg = Release|x64
		{0694A6F5-8B05-457C-93BC-C3A9AEA112AF}.Release|x64.Build.0 = Release|x64
		{0694A6F5-8B05-457C-93BC-C3A9AEA112AF}.Release|x86.ActiveCfg = Release|Win32
		{0694A6F5-8B05-457C-93BC-C3A9AEA112AF}.Release|x86.Build.0 = Release|Win32
	EndGlobalSection
	GlobalSection(SolutionProperties) = preSolution
		HideSolutionNode = FALSE
	EndGlobalSection
EndGlobal
