<?xml version="1.0" encoding="utf-8"?>
<Project ToolsVersion="4.0" xmlns="http://schemas.microsoft.com/developer/msbuild/2003">
  <ItemGroup>
    <Filter Include="Resource Files">
      <UniqueIdentifier>{67DA6AB6-F800-4c08-8B7A-83BB121AAD01}</UniqueIdentifier>
      <Extensions>rc;ico;cur;bmp;dlg;rc2;rct;bin;rgs;gif;jpg;jpeg;jpe;resx;tiff;tif;png;wav;mfcribbon-ms</Extensions>
    </Filter>
    <Filter Include="src">
      <UniqueIdentifier>{f16e3349-fcf1-4b85-bab2-2421998fc06a}</UniqueIdentifier>
    </Filter>
    <Filter Include="src\Engine">
      <UniqueIdentifier>{c6846ddf-c15e-4a53-bf0b-b47b05ce3edc}</UniqueIdentifier>
    </Filter>
    <Filter Include="src\Game">
      <UniqueIdentifier>{14629528-677b-492a-ae4e-42a6f799a6f0}</UniqueIdentifier>
    </Filter>
    <Filter Include="src\thirdparty">
      <UniqueIdentifier>{f472cf51-4b2b-4781-922c-64300886bda1}</UniqueIdentifier>
    </Filter>
    <Filter Include="src\thirdparty\libpng">
      <UniqueIdentifier>{ea924e8f-97b3-44e2-9294-77f19e35306a}</UniqueIdentifier>
    </Filter>
    <Filter Include="src\thirdparty\zlib">
      <UniqueIdentifier>{db1e8dd3-444e-40cd-ba01-30dc62c3fafa}</UniqueIdentifier>
    </Filter>
    <Filter Include="src\thirdparty\zlib\include">
      <UniqueIdentifier>{49cb17d6-a14f-4f1b-8e82-bd47654ac94e}</UniqueIdentifier>
    </Filter>
    <Filter Include="src\thirdparty\zlib\lib">
      <UniqueIdentifier>{7e5f86f3-71dc-45ff-a7a3-f01ccb125bc4}</UniqueIdentifier>
    </Filter>
    <Filter Include="src\Engine\texture">
      <UniqueIdentifier>{e2adc4c9-cce7-41e9-b2cf-ebd927ca6b2c}</UniqueIdentifier>
    </Filter>
    <Filter Include="src\Engine\render">
      <UniqueIdentifier>{64244cd6-b9fe-4ba6-9765-aecfac6b404f}</UniqueIdentifier>
    </Filter>
    <Filter Include="src\Engine\render\ext">
      <UniqueIdentifier>{ef7ad102-84ed-4082-86a2-1421e5f91430}</UniqueIdentifier>
    </Filter>
    <Filter Include="src\Engine\texture\pngloader">
      <UniqueIdentifier>{62b13d96-5556-4d8e-af85-8fa47d363f71}</UniqueIdentifier>
    </Filter>
    <Filter Include="src\Engine\io">
      <UniqueIdentifier>{e09905d6-5e93-4a68-8493-78507cb7c591}</UniqueIdentifier>
    </Filter>
    <Filter Include="src\thirdparty\tinyxml">
      <UniqueIdentifier>{beae21a7-9620-4822-958e-d7cffe0117f2}</UniqueIdentifier>
    </Filter>
    <Filter Include="src\Engine\resources">
      <UniqueIdentifier>{8d26aa6d-d827-48b6-a68c-621c2aa89651}</UniqueIdentifier>
    </Filter>
    <Filter Include="src\Engine\components">
      <UniqueIdentifier>{b86cf8a5-2dd5-411c-9e86-8386420b3d45}</UniqueIdentifier>
    </Filter>
    <Filter Include="src\Engine\systems">
      <UniqueIdentifier>{7bb25c02-25af-4075-91ac-2b0417d3667f}</UniqueIdentifier>
    </Filter>
    <Filter Include="src\Engine\utils">
      <UniqueIdentifier>{06459ab9-bc00-4ec6-9177-3bca00c17146}</UniqueIdentifier>
    </Filter>
    <Filter Include="src\Engine\entity">
      <UniqueIdentifier>{d4913bcd-095a-43c4-b0eb-7f73f8c9dffb}</UniqueIdentifier>
    </Filter>
    <Filter Include="src\Engine\events">
      <UniqueIdentifier>{a6e8e142-5425-47fd-948b-25b4da596dc4}</UniqueIdentifier>
    </Filter>
    <Filter Include="src\thirdparty\sigslot">
      <UniqueIdentifier>{ddb80474-614a-444a-ab13-f1c891460785}</UniqueIdentifier>
    </Filter>
    <Filter Include="src\Engine\control">
      <UniqueIdentifier>{a20a20c0-fc4b-4132-b1d6-d45ccdbbe1ff}</UniqueIdentifier>
    </Filter>
  </ItemGroup>
  <ItemGroup>
    <ClCompile Include="src\main.cpp">
      <Filter>src</Filter>
    </ClCompile>
    <ClCompile Include="src\Engine\Types.cpp">
      <Filter>src\Engine</Filter>
    </ClCompile>
    <ClCompile Include="src\Application.cpp">
      <Filter>src</Filter>
    </ClCompile>
    <ClCompile Include="src\OWindow.cpp">
      <Filter>src</Filter>
    </ClCompile>
    <ClCompile Include="src\Engine\IGame.cpp">
      <Filter>src\Engine</Filter>
    </ClCompile>
    <ClCompile Include="src\Game\GGame.cpp">
      <Filter>src\Game</Filter>
    </ClCompile>
    <ClCompile Include="src\thirdparty\libpng\png.c">
      <Filter>src\thirdparty\libpng</Filter>
    </ClCompile>
    <ClCompile Include="src\thirdparty\libpng\pngerror.c">
      <Filter>src\thirdparty\libpng</Filter>
    </ClCompile>
    <ClCompile Include="src\thirdparty\libpng\pngget.c">
      <Filter>src\thirdparty\libpng</Filter>
    </ClCompile>
    <ClCompile Include="src\thirdparty\libpng\pngmem.c">
      <Filter>src\thirdparty\libpng</Filter>
    </ClCompile>
    <ClCompile Include="src\thirdparty\libpng\pngpread.c">
      <Filter>src\thirdparty\libpng</Filter>
    </ClCompile>
    <ClCompile Include="src\thirdparty\libpng\pngread.c">
      <Filter>src\thirdparty\libpng</Filter>
    </ClCompile>
    <ClCompile Include="src\thirdparty\libpng\pngrio.c">
      <Filter>src\thirdparty\libpng</Filter>
    </ClCompile>
    <ClCompile Include="src\thirdparty\libpng\pngrtran.c">
      <Filter>src\thirdparty\libpng</Filter>
    </ClCompile>
    <ClCompile Include="src\thirdparty\libpng\pngrutil.c">
      <Filter>src\thirdparty\libpng</Filter>
    </ClCompile>
    <ClCompile Include="src\thirdparty\libpng\pngset.c">
      <Filter>src\thirdparty\libpng</Filter>
    </ClCompile>
    <ClCompile Include="src\thirdparty\libpng\pngtrans.c">
      <Filter>src\thirdparty\libpng</Filter>
    </ClCompile>
    <ClCompile Include="src\thirdparty\libpng\pngwio.c">
      <Filter>src\thirdparty\libpng</Filter>
    </ClCompile>
    <ClCompile Include="src\thirdparty\libpng\pngwrite.c">
      <Filter>src\thirdparty\libpng</Filter>
    </ClCompile>
    <ClCompile Include="src\thirdparty\libpng\pngwtran.c">
      <Filter>src\thirdparty\libpng</Filter>
    </ClCompile>
    <ClCompile Include="src\thirdparty\libpng\pngwutil.c">
      <Filter>src\thirdparty\libpng</Filter>
    </ClCompile>
    <ClCompile Include="src\thirdparty\zlib\adler32.c">
      <Filter>src\thirdparty\zlib</Filter>
    </ClCompile>
    <ClCompile Include="src\thirdparty\zlib\compress.c">
      <Filter>src\thirdparty\zlib</Filter>
    </ClCompile>
    <ClCompile Include="src\thirdparty\zlib\crc32.c">
      <Filter>src\thirdparty\zlib</Filter>
    </ClCompile>
    <ClCompile Include="src\thirdparty\zlib\deflate.c">
      <Filter>src\thirdparty\zlib</Filter>
    </ClCompile>
    <ClCompile Include="src\thirdparty\zlib\gzclose.c">
      <Filter>src\thirdparty\zlib</Filter>
    </ClCompile>
    <ClCompile Include="src\thirdparty\zlib\gzlib.c">
      <Filter>src\thirdparty\zlib</Filter>
    </ClCompile>
    <ClCompile Include="src\thirdparty\zlib\gzread.c">
      <Filter>src\thirdparty\zlib</Filter>
    </ClCompile>
    <ClCompile Include="src\thirdparty\zlib\gzwrite.c">
      <Filter>src\thirdparty\zlib</Filter>
    </ClCompile>
    <ClCompile Include="src\thirdparty\zlib\infback.c">
      <Filter>src\thirdparty\zlib</Filter>
    </ClCompile>
    <ClCompile Include="src\thirdparty\zlib\inffast.c">
      <Filter>src\thirdparty\zlib</Filter>
    </ClCompile>
    <ClCompile Include="src\thirdparty\zlib\inflate.c">
      <Filter>src\thirdparty\zlib</Filter>
    </ClCompile>
    <ClCompile Include="src\thirdparty\zlib\inftrees.c">
      <Filter>src\thirdparty\zlib</Filter>
    </ClCompile>
    <ClCompile Include="src\thirdparty\zlib\trees.c">
      <Filter>src\thirdparty\zlib</Filter>
    </ClCompile>
    <ClCompile Include="src\thirdparty\zlib\uncompr.c">
      <Filter>src\thirdparty\zlib</Filter>
    </ClCompile>
    <ClCompile Include="src\thirdparty\zlib\zutil.c">
      <Filter>src\thirdparty\zlib</Filter>
    </ClCompile>
    <ClCompile Include="src\Engine\graphics\gTextureHandle.cpp">
      <Filter>src\Engine\texture</Filter>
    </ClCompile>
    <ClCompile Include="src\Engine\graphics\gTextureManager.cpp">
      <Filter>src\Engine\texture</Filter>
    </ClCompile>
    <ClCompile Include="src\Engine\graphics\gTextureObject.cpp">
      <Filter>src\Engine\texture</Filter>
    </ClCompile>
    <ClCompile Include="src\Engine\graphics\gpngloader\gPngLoader.cpp">
      <Filter>src\Engine\texture\pngloader</Filter>
    </ClCompile>
    <ClCompile Include="src\thirdparty\Tinyxml\tinystr.cpp">
      <Filter>src\thirdparty\tinyxml</Filter>
    </ClCompile>
    <ClCompile Include="src\thirdparty\Tinyxml\tinyxml.cpp">
      <Filter>src\thirdparty\tinyxml</Filter>
    </ClCompile>
    <ClCompile Include="src\thirdparty\Tinyxml\tinyxmlerror.cpp">
      <Filter>src\thirdparty\tinyxml</Filter>
    </ClCompile>
    <ClCompile Include="src\thirdparty\Tinyxml\tinyxmlparser.cpp">
      <Filter>src\thirdparty\tinyxml</Filter>
    </ClCompile>
    <ClCompile Include="src\Engine\resources\GResManager.cpp">
      <Filter>src\Engine\resources</Filter>
    </ClCompile>
    <ClCompile Include="src\Engine\resources\GSprite.cpp">
      <Filter>src\Engine\resources</Filter>
    </ClCompile>
    <ClCompile Include="src\Engine\io\gIOFile.cpp">
      <Filter>src\Engine\io</Filter>
    </ClCompile>
    <ClCompile Include="src\Engine\graphics\gTextureDictinary.cpp">
      <Filter>src\Engine\texture</Filter>
    </ClCompile>
    <ClCompile Include="src\Engine\render\GRender.cpp">
      <Filter>src\Engine\render</Filter>
    </ClCompile>
    <ClCompile Include="src\Engine\render\IGRender.cpp">
      <Filter>src\Engine\render</Filter>
    </ClCompile>
    <ClCompile Include="src\Engine\render\ext\olOpenGL.cpp">
      <Filter>src\Engine\render\ext</Filter>
    </ClCompile>
    <ClCompile Include="src\Engine\resources\gResource.cpp">
      <Filter>src\Engine\resources</Filter>
    </ClCompile>
    <ClCompile Include="src\Engine\resources\gTextureAtlas.cpp">
      <Filter>src\Engine\resources</Filter>
    </ClCompile>
    <ClCompile Include="src\Engine\resources\gResourceDictionary.cpp">
      <Filter>src\Engine\resources</Filter>
    </ClCompile>
    <ClCompile Include="src\Engine\Utils.cpp">
      <Filter>src\Engine</Filter>
    </ClCompile>
    <ClCompile Include="src\Engine\systems\gRenderSystem.cpp">
      <Filter>src\Engine\systems</Filter>
    </ClCompile>
    <ClCompile Include="src\Engine\utils\gPool.cpp">
      <Filter>src\Engine\utils</Filter>
    </ClCompile>
    <ClCompile Include="src\Engine\systems\gBaseSystem.cpp">
      <Filter>src\Engine\systems</Filter>
    </ClCompile>
    <ClCompile Include="src\Engine\entity\gEntityManager.cpp">
      <Filter>src\Engine\entity</Filter>
    </ClCompile>
    <ClCompile Include="src\Engine\systems\gSystemManager.cpp">
      <Filter>src\Engine\systems</Filter>
    </ClCompile>
    <ClCompile Include="src\Engine\components\gBaseComponent.cpp">
      <Filter>src\Engine\components</Filter>
    </ClCompile>
    <ClCompile Include="src\Engine\systems\gAnimationSystem.cpp">
      <Filter>src\Engine\systems</Filter>
    </ClCompile>
    <ClCompile Include="src\Engine\systems\gUserInputSystem.cpp">
      <Filter>src\Engine\systems</Filter>
    </ClCompile>
    <ClCompile Include="src\Engine\events\gEventManager.cpp">
      <Filter>src\Engine\events</Filter>
    </ClCompile>
    <ClCompile Include="src\Engine\control\gControlManager.cpp">
      <Filter>src\Engine\control</Filter>
    </ClCompile>
  </ItemGroup>
  <ItemGroup>
    <ClInclude Include="src\Engine\Types.h">
      <Filter>src\Engine</Filter>
    </ClInclude>
    <ClInclude Include="src\Application.h">
      <Filter>src</Filter>
    </ClInclude>
    <ClInclude Include="src\OWindow.h">
      <Filter>src</Filter>
    </ClInclude>
    <ClInclude Include="src\Engine\Utils.h">
      <Filter>src\Engine</Filter>
    </ClInclude>
    <ClInclude Include="src\Engine\IGame.h">
      <Filter>src\Engine</Filter>
    </ClInclude>
    <ClInclude Include="src\Game\GGame.h">
      <Filter>src\Game</Filter>
    </ClInclude>
    <ClInclude Include="src\thirdparty\libpng\config.h">
      <Filter>src\thirdparty\libpng</Filter>
    </ClInclude>
    <ClInclude Include="src\thirdparty\libpng\png.h">
      <Filter>src\thirdparty\libpng</Filter>
    </ClInclude>
    <ClInclude Include="src\thirdparty\libpng\pngconf.h">
      <Filter>src\thirdparty\libpng</Filter>
    </ClInclude>
    <ClInclude Include="src\thirdparty\libpng\pngpriv.h">
      <Filter>src\thirdparty\libpng</Filter>
    </ClInclude>
    <ClInclude Include="src\thirdparty\zlib\INCLUDE\crc32.h">
      <Filter>src\thirdparty\zlib\include</Filter>
    </ClInclude>
    <ClInclude Include="src\thirdparty\zlib\INCLUDE\deflate.h">
      <Filter>src\thirdparty\zlib\include</Filter>
    </ClInclude>
    <ClInclude Include="src\thirdparty\zlib\INCLUDE\gzguts.h">
      <Filter>src\thirdparty\zlib\include</Filter>
    </ClInclude>
    <ClInclude Include="src\thirdparty\zlib\INCLUDE\inffast.h">
      <Filter>src\thirdparty\zlib\include</Filter>
    </ClInclude>
    <ClInclude Include="src\thirdparty\zlib\INCLUDE\inffixed.h">
      <Filter>src\thirdparty\zlib\include</Filter>
    </ClInclude>
    <ClInclude Include="src\thirdparty\zlib\INCLUDE\inflate.h">
      <Filter>src\thirdparty\zlib\include</Filter>
    </ClInclude>
    <ClInclude Include="src\thirdparty\zlib\INCLUDE\inftrees.h">
      <Filter>src\thirdparty\zlib\include</Filter>
    </ClInclude>
    <ClInclude Include="src\thirdparty\zlib\INCLUDE\trees.h">
      <Filter>src\thirdparty\zlib\include</Filter>
    </ClInclude>
    <ClInclude Include="src\thirdparty\zlib\INCLUDE\zconf.h">
      <Filter>src\thirdparty\zlib\include</Filter>
    </ClInclude>
    <ClInclude Include="src\thirdparty\zlib\INCLUDE\zlib.h">
      <Filter>src\thirdparty\zlib\include</Filter>
    </ClInclude>
    <ClInclude Include="src\thirdparty\zlib\INCLUDE\zutil.h">
      <Filter>src\thirdparty\zlib\include</Filter>
    </ClInclude>
    <ClInclude Include="src\thirdparty\zlib\crc32.h">
      <Filter>src\thirdparty\zlib</Filter>
    </ClInclude>
    <ClInclude Include="src\thirdparty\zlib\deflate.h">
      <Filter>src\thirdparty\zlib</Filter>
    </ClInclude>
    <ClInclude Include="src\thirdparty\zlib\gzguts.h">
      <Filter>src\thirdparty\zlib</Filter>
    </ClInclude>
    <ClInclude Include="src\thirdparty\zlib\inffast.h">
      <Filter>src\thirdparty\zlib</Filter>
    </ClInclude>
    <ClInclude Include="src\thirdparty\zlib\inffixed.h">
      <Filter>src\thirdparty\zlib</Filter>
    </ClInclude>
    <ClInclude Include="src\thirdparty\zlib\inflate.h">
      <Filter>src\thirdparty\zlib</Filter>
    </ClInclude>
    <ClInclude Include="src\thirdparty\zlib\inftrees.h">
      <Filter>src\thirdparty\zlib</Filter>
    </ClInclude>
    <ClInclude Include="src\thirdparty\zlib\trees.h">
      <Filter>src\thirdparty\zlib</Filter>
    </ClInclude>
    <ClInclude Include="src\thirdparty\zlib\zconf.h">
      <Filter>src\thirdparty\zlib</Filter>
    </ClInclude>
    <ClInclude Include="src\thirdparty\zlib\zlib.h">
      <Filter>src\thirdparty\zlib</Filter>
    </ClInclude>
    <ClInclude Include="src\thirdparty\zlib\zutil.h">
      <Filter>src\thirdparty\zlib</Filter>
    </ClInclude>
    <ClInclude Include="src\Engine\graphics\gTextureHandle.h">
      <Filter>src\Engine\texture</Filter>
    </ClInclude>
    <ClInclude Include="src\Engine\graphics\gTextureManager.h">
      <Filter>src\Engine\texture</Filter>
    </ClInclude>
    <ClInclude Include="src\Engine\graphics\gTextureObject.h">
      <Filter>src\Engine\texture</Filter>
    </ClInclude>
    <ClInclude Include="src\Engine\graphics\gpngloader\gPngLoader.h">
      <Filter>src\Engine\texture\pngloader</Filter>
    </ClInclude>
    <ClInclude Include="src\thirdparty\Tinyxml\tinystr.h">
      <Filter>src\thirdparty\tinyxml</Filter>
    </ClInclude>
    <ClInclude Include="src\thirdparty\Tinyxml\tinyxml.h">
      <Filter>src\thirdparty\tinyxml</Filter>
    </ClInclude>
    <ClInclude Include="src\Engine\resources\GSprite.h">
      <Filter>src\Engine\resources</Filter>
    </ClInclude>
    <ClInclude Include="src\Engine\resources\GResManager.h">
      <Filter>src\Engine\resources</Filter>
    </ClInclude>
    <ClInclude Include="src\Engine\io\gIOFile.h">
      <Filter>src\Engine\io</Filter>
    </ClInclude>
    <ClInclude Include="src\Engine\render\ext\glext.h">
      <Filter>src\Engine\render\ext</Filter>
    </ClInclude>
    <ClInclude Include="src\Engine\graphics\gTextureDictinary.h">
      <Filter>src\Engine\texture</Filter>
    </ClInclude>
    <ClInclude Include="src\Engine\render\IGRender.h">
      <Filter>src\Engine\render</Filter>
    </ClInclude>
    <ClInclude Include="src\Engine\render\GRender.h">
      <Filter>src\Engine\render</Filter>
    </ClInclude>
    <ClInclude Include="src\Engine\render\ext\wglext.h">
      <Filter>src\Engine\render\ext</Filter>
    </ClInclude>
    <ClInclude Include="src\Engine\render\ext\olOpenGL.h">
      <Filter>src\Engine\render\ext</Filter>
    </ClInclude>
    <ClInclude Include="src\Engine\GDefines.h">
      <Filter>src\Engine</Filter>
    </ClInclude>
    <ClInclude Include="src\Engine\resources\gResource.h">
      <Filter>src\Engine\resources</Filter>
    </ClInclude>
    <ClInclude Include="src\Engine\resources\gTextureAtlas.h">
      <Filter>src\Engine\resources</Filter>
    </ClInclude>
    <ClInclude Include="src\Engine\resources\gResourceDictionary.h">
      <Filter>src\Engine\resources</Filter>
    </ClInclude>
    <ClInclude Include="src\Engine\components\gRenderableComponent.h">
      <Filter>src\Engine\components</Filter>
    </ClInclude>
    <ClInclude Include="src\Engine\systems\gRenderSystem.h">
      <Filter>src\Engine\systems</Filter>
    </ClInclude>
    <ClInclude Include="src\Engine\utils\gPool.h">
      <Filter>src\Engine\utils</Filter>
    </ClInclude>
    <ClInclude Include="src\Engine\systems\gBaseSystem.h">
      <Filter>src\Engine\systems</Filter>
    </ClInclude>
    <ClInclude Include="src\Engine\entity\gEntityManager.h">
      <Filter>src\Engine\entity</Filter>
    </ClInclude>
    <ClInclude Include="src\Engine\systems\gSystemManager.h">
      <Filter>src\Engine\systems</Filter>
    </ClInclude>
    <ClInclude Include="src\Engine\components\gComponent.h">
      <Filter>src\Engine\components</Filter>
    </ClInclude>
    <ClInclude Include="src\Engine\components\gLocationComponent.h">
      <Filter>src\Engine\components</Filter>
    </ClInclude>
    <ClInclude Include="src\Engine\components\gBaseComponent.h">
      <Filter>src\Engine\components</Filter>
    </ClInclude>
    <ClInclude Include="src\Engine\systems\gSystem.h">
      <Filter>src\Engine\systems</Filter>
    </ClInclude>
    <ClInclude Include="src\Engine\components\gAnimationComponent.h">
      <Filter>src\Engine\components</Filter>
    </ClInclude>
    <ClInclude Include="src\Engine\systems\gAnimationSystem.h">
      <Filter>src\Engine\systems</Filter>
    </ClInclude>
    <ClInclude Include="src\Engine\components\gMouseDownEventComponent.h">
      <Filter>src\Engine\components</Filter>
    </ClInclude>
    <ClInclude Include="src\Engine\systems\gUserInputSystem.h">
      <Filter>src\Engine\systems</Filter>
    </ClInclude>
    <ClInclude Include="src\Engine\components\gMouseUpEventComponent.h">
      <Filter>src\Engine\components</Filter>
    </ClInclude>
    <ClInclude Include="src\Engine\components\gActionComponent.h">
      <Filter>src\Engine\components</Filter>
    </ClInclude>
    <ClInclude Include="src\Engine\events\gEventManager.h">
      <Filter>src\Engine\events</Filter>
    </ClInclude>
    <ClInclude Include="src\Engine\events\IEventListener.h">
      <Filter>src\Engine\events</Filter>
    </ClInclude>
    <ClInclude Include="src\Engine\components\gSizeComponent.h">
      <Filter>src\Engine\components</Filter>
    </ClInclude>
    <ClInclude Include="src\thirdparty\sigslot\sigslot.h">
      <Filter>src\thirdparty\sigslot</Filter>
    </ClInclude>
    <ClInclude Include="src\Engine\control\gControlManager.h">
      <Filter>src\Engine\control</Filter>
    </ClInclude>
  </ItemGroup>
  <ItemGroup>
    <Library Include="src\thirdparty\zlib\LIB\zlib.lib">
      <Filter>src\thirdparty\zlib\lib</Filter>
    </Library>
  </ItemGroup>
</Project>